
Microsoft Visual Studio Solution File, Format Version 12.00
# Visual Studio Version 16
VisualStudioVersion = 16.0.29613.14
MinimumVisualStudioVersion = 10.0.40219.1
Project("{9A19103F-16F7-4668-BE54-9A1E7A4F7556}") = "ISZSongSearch", "ISZSongSearch\ISZSongSearch.csproj", "{1DA0B154-65B5-40A3-B273-BA1A669AA02F}"
EndProject
Global
	GlobalSection(SolutionConfigurationPlatforms) = preSolution
		Debug|Any CPU = Debug|Any CPU
		Release|Any CPU = Release|Any CPU
	EndGlobalSection
	GlobalSection(ProjectConfigurationPlatforms) = postSolution
		{1DA0B154-65B5-40A3-B273-BA1A669AA02F}.Debug|Any CPU.ActiveCfg = Debug|Any CPU
		{1DA0B154-65B5-40A3-B273-BA1A669AA02F}.Debug|Any CPU.Build.0 = Debug|Any CPU
		{1DA0B154-65B5-40A3-B273-BA1A669AA02F}.Release|Any CPU.ActiveCfg = Release|Any CPU
		{1DA0B154-65B5-40A3-B273-BA1A669AA02F}.Release|Any CPU.Build.0 = Release|Any CPU
	EndGlobalSection
	GlobalSection(SolutionProperties) = preSolution
		HideSolutionNode = FALSE
	EndGlobalSection
	GlobalSection(ExtensibilityGlobals) = postSolution
		SolutionGuid = {4A10CECC-BBF0-4A2B-AA16-ADC053902501}
	EndGlobalSection
EndGlobal
